// !$*UTF8*$!
{
	archiveVersion = 1;
	classes = {
	};
	objectVersion = 46;
	objects = {

/* Begin PBXBuildFile section */
		34032C4D18AF7296001FF603 /* OPAuthorityServer.m in Sources */ = {isa = PBXBuildFile; fileRef = 34032C4C18AF7296001FF603 /* OPAuthorityServer.m */; };
		34032C5118AF8CDF001FF603 /* Security.framework in Frameworks */ = {isa = PBXBuildFile; fileRef = 34032C5018AF8CDF001FF603 /* Security.framework */; };
		34032C5818B0C30C001FF603 /* OPConfig.m in Sources */ = {isa = PBXBuildFile; fileRef = 34032C5718B0C30C001FF603 /* OPConfig.m */; };
		340C6946194C299B00B267B4 /* OPTorDirectoryObject.m in Sources */ = {isa = PBXBuildFile; fileRef = 340C6945194C299B00B267B4 /* OPTorDirectoryObject.m */; };
		340C694C194C858F00B267B4 /* OPTorNetwork.m in Sources */ = {isa = PBXBuildFile; fileRef = 340C694B194C858F00B267B4 /* OPTorNetwork.m */; };
		340FD7CF195C56D600CF06C9 /* Images.xcassets in Resources */ = {isa = PBXBuildFile; fileRef = 340FD7CE195C56D600CF06C9 /* Images.xcassets */; };
		341509D2192D0C9D003B4CBE /* OPTorDirectoryViewController.m in Sources */ = {isa = PBXBuildFile; fileRef = 341509D0192D0C9D003B4CBE /* OPTorDirectoryViewController.m */; };
		341509D3192D0C9D003B4CBE /* OPTorDirectory.xib in Resources */ = {isa = PBXBuildFile; fileRef = 341509D1192D0C9D003B4CBE /* OPTorDirectory.xib */; };
		341576131948B7D0002C4717 /* OPTorDirectoryProtocol.m in Sources */ = {isa = PBXBuildFile; fileRef = 341576121948B7D0002C4717 /* OPTorDirectoryProtocol.m */; };
		341BE0F11908572C00725EDA /* OPSHA1.m in Sources */ = {isa = PBXBuildFile; fileRef = 341BE0F01908572C00725EDA /* OPSHA1.m */; };
		341BE0F419085B2400725EDA /* OPSHA256.m in Sources */ = {isa = PBXBuildFile; fileRef = 341BE0F319085B2400725EDA /* OPSHA256.m */; };
		341BE0F7190D3EB600725EDA /* OPTorDirectory.m in Sources */ = {isa = PBXBuildFile; fileRef = 341BE0F6190D3EB600725EDA /* OPTorDirectory.m */; };
		341C443618A621E4002018E1 /* Cocoa.framework in Frameworks */ = {isa = PBXBuildFile; fileRef = 341C443518A621E4002018E1 /* Cocoa.framework */; };
		341C444018A621E4002018E1 /* InfoPlist.strings in Resources */ = {isa = PBXBuildFile; fileRef = 341C443E18A621E4002018E1 /* InfoPlist.strings */; };
		341C444218A621E4002018E1 /* main.m in Sources */ = {isa = PBXBuildFile; fileRef = 341C444118A621E4002018E1 /* main.m */; };
		341C444618A621E4002018E1 /* Credits.rtf in Resources */ = {isa = PBXBuildFile; fileRef = 341C444418A621E4002018E1 /* Credits.rtf */; };
		341C444918A621E4002018E1 /* OPAppDelegate.m in Sources */ = {isa = PBXBuildFile; fileRef = 341C444818A621E4002018E1 /* OPAppDelegate.m */; };
		341C445518A621E4002018E1 /* XCTest.framework in Frameworks */ = {isa = PBXBuildFile; fileRef = 341C445418A621E4002018E1 /* XCTest.framework */; };
		341C445618A621E4002018E1 /* Cocoa.framework in Frameworks */ = {isa = PBXBuildFile; fileRef = 341C443518A621E4002018E1 /* Cocoa.framework */; };
		341C445E18A621E4002018E1 /* InfoPlist.strings in Resources */ = {isa = PBXBuildFile; fileRef = 341C445C18A621E4002018E1 /* InfoPlist.strings */; };
		341C446018A621E4002018E1 /* OnionProxyTests.m in Sources */ = {isa = PBXBuildFile; fileRef = 341C445F18A621E4002018E1 /* OnionProxyTests.m */; };
		341C447418A6355D002018E1 /* OPConfig.plist in Resources */ = {isa = PBXBuildFile; fileRef = 341C447318A6355D002018E1 /* OPConfig.plist */; };
		34224B3A18C24ABE00C75B92 /* OPConsensus.m in Sources */ = {isa = PBXBuildFile; fileRef = 34224B3918C24ABE00C75B92 /* OPConsensus.m */; };
		34224B3D18C3C04300C75B92 /* OPObject.m in Sources */ = {isa = PBXBuildFile; fileRef = 34224B3C18C3C04300C75B92 /* OPObject.m */; };
		3427594318FAF0DA005308D4 /* OPCertificate.m in Sources */ = {isa = PBXBuildFile; fileRef = 3427594218FAF0DA005308D4 /* OPCertificate.m */; };
		344B294C18DE18B900C463AA /* OPCircuit.m in Sources */ = {isa = PBXBuildFile; fileRef = 344B294B18DE18B900C463AA /* OPCircuit.m */; };
		3450744F18C921C600868069 /* OPConnection.m in Sources */ = {isa = PBXBuildFile; fileRef = 3450744E18C921C600868069 /* OPConnection.m */; };
		34511EB918E70AEB00CE02E5 /* OPDiffieHellman.m in Sources */ = {isa = PBXBuildFile; fileRef = 34511EB818E70AEB00CE02E5 /* OPDiffieHellman.m */; };
		34511EBD18EF285300CE02E5 /* OPCSP.m in Sources */ = {isa = PBXBuildFile; fileRef = 34511EBC18EF285300CE02E5 /* OPCSP.m */; };
		34A1F425192898EE00CF6EEF /* OPBase64.m in Sources */ = {isa = PBXBuildFile; fileRef = 34A1F424192898EE00CF6EEF /* OPBase64.m */; };
		34C1159C1940E40100A7CD44 /* MainMenu.xib in Resources */ = {isa = PBXBuildFile; fileRef = 341C444A18A621E4002018E1 /* MainMenu.xib */; };
		34E1A66B1954BE76004B1A4E /* icon_16x16.png in Resources */ = {isa = PBXBuildFile; fileRef = 34E1A6661954BE76004B1A4E /* icon_16x16.png */; };
		34E1A66C1954BE76004B1A4E /* icon_32x32.png in Resources */ = {isa = PBXBuildFile; fileRef = 34E1A6671954BE76004B1A4E /* icon_32x32.png */; };
		34E1A66D1954BE76004B1A4E /* icon_128x128.png in Resources */ = {isa = PBXBuildFile; fileRef = 34E1A6681954BE76004B1A4E /* icon_128x128.png */; };
		34E1A66E1954BE76004B1A4E /* icon_256x256.png in Resources */ = {isa = PBXBuildFile; fileRef = 34E1A6691954BE76004B1A4E /* icon_256x256.png */; };
		34E1A66F1954BE76004B1A4E /* icon_512x512.png in Resources */ = {isa = PBXBuildFile; fileRef = 34E1A66A1954BE76004B1A4E /* icon_512x512.png */; };
		34E1A6711954BE8F004B1A4E /* icon.icns in Resources */ = {isa = PBXBuildFile; fileRef = 34E1A6701954BE8F004B1A4E /* icon.icns */; };
		34E49E7A18B9235200759502 /* OPRSAPublicKey.m in Sources */ = {isa = PBXBuildFile; fileRef = 34E49E7918B9235200759502 /* OPRSAPublicKey.m */; };
		34E49E7E18B9347F00759502 /* libcrypto.dylib in Frameworks */ = {isa = PBXBuildFile; fileRef = 34E49E7D18B9347F00759502 /* libcrypto.dylib */; };
		34E49E8018B9EB4500759502 /* libz.dylib in Frameworks */ = {isa = PBXBuildFile; fileRef = 34E49E7F18B9EB4500759502 /* libz.dylib */; };
		34E7E00F18CD96F800599860 /* OPJobDispatcher.m in Sources */ = {isa = PBXBuildFile; fileRef = 34E7E00E18CD96F800599860 /* OPJobDispatcher.m */; };
		34EE82EE18F332EF00992506 /* OPEllipticCurveDH.m in Sources */ = {isa = PBXBuildFile; fileRef = 34EE82ED18F332EF00992506 /* OPEllipticCurveDH.m */; };
		34FD48F818A7A9310027B524 /* OPTorNode.m in Sources */ = {isa = PBXBuildFile; fileRef = 34FD48F718A7A9310027B524 /* OPTorNode.m */; };
		34FD48FB18A9447F0027B524 /* OPAuthority.m in Sources */ = {isa = PBXBuildFile; fileRef = 34FD48FA18A9447F0027B524 /* OPAuthority.m */; };
		34FE94B618E327FA0037CFCF /* OPSimmetricKey.m in Sources */ = {isa = PBXBuildFile; fileRef = 34FE94B518E327FA0037CFCF /* OPSimmetricKey.m */; };
/* End PBXBuildFile section */

/* Begin PBXContainerItemProxy section */
		340FD7D0195C56EB00CF06C9 /* PBXContainerItemProxy */ = {
			isa = PBXContainerItemProxy;
			containerPortal = 341C442A18A621E4002018E1 /* Project object */;
			proxyType = 1;
			remoteGlobalIDString = 341C443118A621E4002018E1;
			remoteInfo = OnionProxy;
		};
		340FD7D2195C56EB00CF06C9 /* PBXContainerItemProxy */ = {
			isa = PBXContainerItemProxy;
			containerPortal = 341C442A18A621E4002018E1 /* Project object */;
			proxyType = 1;
			remoteGlobalIDString = 341C443118A621E4002018E1;
			remoteInfo = OnionProxy;
		};
		341C445718A621E4002018E1 /* PBXContainerItemProxy */ = {
			isa = PBXContainerItemProxy;
			containerPortal = 341C442A18A621E4002018E1 /* Project object */;
			proxyType = 1;
			remoteGlobalIDString = 341C443118A621E4002018E1;
			remoteInfo = OnionProxy;
		};
/* End PBXContainerItemProxy section */

/* Begin PBXFileReference section */
		34032C4B18AF7296001FF603 /* OPAuthorityServer.h */ = {isa = PBXFileReference; fileEncoding = 4; lastKnownFileType = sourcecode.c.h; path = OPAuthorityServer.h; sourceTree = "<group>"; };
		34032C4C18AF7296001FF603 /* OPAuthorityServer.m */ = {isa = PBXFileReference; fileEncoding = 4; lastKnownFileType = sourcecode.c.objc; path = OPAuthorityServer.m; sourceTree = "<group>"; };
		34032C4E18AF8CC4001FF603 /* SecurityFoundation.framework */ = {isa = PBXFileReference; lastKnownFileType = wrapper.framework; name = SecurityFoundation.framework; path = System/Library/Frameworks/SecurityFoundation.framework; sourceTree = SDKROOT; };
		34032C5018AF8CDF001FF603 /* Security.framework */ = {isa = PBXFileReference; lastKnownFileType = wrapper.framework; name = Security.framework; path = System/Library/Frameworks/Security.framework; sourceTree = SDKROOT; };
		34032C5618B0C30C001FF603 /* OPConfig.h */ = {isa = PBXFileReference; fileEncoding = 4; lastKnownFileType = sourcecode.c.h; path = OPConfig.h; sourceTree = "<group>"; };
		34032C5718B0C30C001FF603 /* OPConfig.m */ = {isa = PBXFileReference; fileEncoding = 4; lastKnownFileType = sourcecode.c.objc; path = OPConfig.m; sourceTree = "<group>"; };
		340C6944194C299B00B267B4 /* OPTorDirectoryObject.h */ = {isa = PBXFileReference; fileEncoding = 4; lastKnownFileType = sourcecode.c.h; path = OPTorDirectoryObject.h; sourceTree = "<group>"; };
		340C6945194C299B00B267B4 /* OPTorDirectoryObject.m */ = {isa = PBXFileReference; fileEncoding = 4; lastKnownFileType = sourcecode.c.objc; path = OPTorDirectoryObject.m; sourceTree = "<group>"; };
		340C694A194C858F00B267B4 /* OPTorNetwork.h */ = {isa = PBXFileReference; fileEncoding = 4; lastKnownFileType = sourcecode.c.h; path = OPTorNetwork.h; sourceTree = "<group>"; };
		340C694B194C858F00B267B4 /* OPTorNetwork.m */ = {isa = PBXFileReference; fileEncoding = 4; lastKnownFileType = sourcecode.c.objc; path = OPTorNetwork.m; sourceTree = "<group>"; };
		340FD7CE195C56D600CF06C9 /* Images.xcassets */ = {isa = PBXFileReference; lastKnownFileType = folder.assetcatalog; path = Images.xcassets; sourceTree = "<group>"; };
		341509CF192D0C9D003B4CBE /* OPTorDirectoryViewController.h */ = {isa = PBXFileReference; fileEncoding = 4; lastKnownFileType = sourcecode.c.h; path = OPTorDirectoryViewController.h; sourceTree = "<group>"; };
		341509D0192D0C9D003B4CBE /* OPTorDirectoryViewController.m */ = {isa = PBXFileReference; fileEncoding = 4; lastKnownFileType = sourcecode.c.objc; path = OPTorDirectoryViewController.m; sourceTree = "<group>"; };
		341509D1192D0C9D003B4CBE /* OPTorDirectory.xib */ = {isa = PBXFileReference; fileEncoding = 4; lastKnownFileType = file.xib; path = OPTorDirectory.xib; sourceTree = "<group>"; };
		341576111948B7D0002C4717 /* OPTorDirectoryProtocol.h */ = {isa = PBXFileReference; fileEncoding = 4; lastKnownFileType = sourcecode.c.h; path = OPTorDirectoryProtocol.h; sourceTree = "<group>"; };
		341576121948B7D0002C4717 /* OPTorDirectoryProtocol.m */ = {isa = PBXFileReference; fileEncoding = 4; lastKnownFileType = sourcecode.c.objc; path = OPTorDirectoryProtocol.m; sourceTree = "<group>"; };
		341BE0EF1908572C00725EDA /* OPSHA1.h */ = {isa = PBXFileReference; fileEncoding = 4; lastKnownFileType = sourcecode.c.h; path = OPSHA1.h; sourceTree = "<group>"; };
		341BE0F01908572C00725EDA /* OPSHA1.m */ = {isa = PBXFileReference; fileEncoding = 4; lastKnownFileType = sourcecode.c.objc; path = OPSHA1.m; sourceTree = "<group>"; };
		341BE0F219085B2400725EDA /* OPSHA256.h */ = {isa = PBXFileReference; fileEncoding = 4; lastKnownFileType = sourcecode.c.h; path = OPSHA256.h; sourceTree = "<group>"; };
		341BE0F319085B2400725EDA /* OPSHA256.m */ = {isa = PBXFileReference; fileEncoding = 4; lastKnownFileType = sourcecode.c.objc; path = OPSHA256.m; sourceTree = "<group>"; };
		341BE0F5190D3EB600725EDA /* OPTorDirectory.h */ = {isa = PBXFileReference; fileEncoding = 4; lastKnownFileType = sourcecode.c.h; path = OPTorDirectory.h; sourceTree = "<group>"; };
		341BE0F6190D3EB600725EDA /* OPTorDirectory.m */ = {isa = PBXFileReference; fileEncoding = 4; lastKnownFileType = sourcecode.c.objc; path = OPTorDirectory.m; sourceTree = "<group>"; };
		341C443218A621E4002018E1 /* OnionProxy.app */ = {isa = PBXFileReference; explicitFileType = wrapper.application; includeInIndex = 0; path = OnionProxy.app; sourceTree = BUILT_PRODUCTS_DIR; };
		341C443518A621E4002018E1 /* Cocoa.framework */ = {isa = PBXFileReference; lastKnownFileType = wrapper.framework; name = Cocoa.framework; path = System/Library/Frameworks/Cocoa.framework; sourceTree = SDKROOT; };
		341C443818A621E4002018E1 /* AppKit.framework */ = {isa = PBXFileReference; lastKnownFileType = wrapper.framework; name = AppKit.framework; path = System/Library/Frameworks/AppKit.framework; sourceTree = SDKROOT; };
		341C443918A621E4002018E1 /* CoreData.framework */ = {isa = PBXFileReference; lastKnownFileType = wrapper.framework; name = CoreData.framework; path = System/Library/Frameworks/CoreData.framework; sourceTree = SDKROOT; };
		341C443A18A621E4002018E1 /* Foundation.framework */ = {isa = PBXFileReference; lastKnownFileType = wrapper.framework; name = Foundation.framework; path = System/Library/Frameworks/Foundation.framework; sourceTree = SDKROOT; };
		341C443D18A621E4002018E1 /* OnionProxy-Info.plist */ = {isa = PBXFileReference; lastKnownFileType = text.plist.xml; path = "OnionProxy-Info.plist"; sourceTree = "<group>"; };
		341C443F18A621E4002018E1 /* en */ = {isa = PBXFileReference; lastKnownFileType = text.plist.strings; name = en; path = en.lproj/InfoPlist.strings; sourceTree = "<group>"; };
		341C444118A621E4002018E1 /* main.m */ = {isa = PBXFileReference; lastKnownFileType = sourcecode.c.objc; path = main.m; sourceTree = "<group>"; };
		341C444318A621E4002018E1 /* OnionProxy-Prefix.pch */ = {isa = PBXFileReference; lastKnownFileType = sourcecode.c.h; path = "OnionProxy-Prefix.pch"; sourceTree = "<group>"; };
		341C444518A621E4002018E1 /* en */ = {isa = PBXFileReference; lastKnownFileType = text.rtf; name = en; path = en.lproj/Credits.rtf; sourceTree = "<group>"; };
		341C444718A621E4002018E1 /* OPAppDelegate.h */ = {isa = PBXFileReference; lastKnownFileType = sourcecode.c.h; path = OPAppDelegate.h; sourceTree = "<group>"; };
		341C444818A621E4002018E1 /* OPAppDelegate.m */ = {isa = PBXFileReference; lastKnownFileType = sourcecode.c.objc; path = OPAppDelegate.m; sourceTree = "<group>"; };
		341C444B18A621E4002018E1 /* Base */ = {isa = PBXFileReference; lastKnownFileType = file.xib; name = Base; path = Base.lproj/MainMenu.xib; sourceTree = "<group>"; };
		341C445318A621E4002018E1 /* OnionProxyTests.xctest */ = {isa = PBXFileReference; explicitFileType = wrapper.cfbundle; includeInIndex = 0; path = OnionProxyTests.xctest; sourceTree = BUILT_PRODUCTS_DIR; };
		341C445418A621E4002018E1 /* XCTest.framework */ = {isa = PBXFileReference; lastKnownFileType = wrapper.framework; name = XCTest.framework; path = Library/Frameworks/XCTest.framework; sourceTree = DEVELOPER_DIR; };
		341C445B18A621E4002018E1 /* OnionProxyTests-Info.plist */ = {isa = PBXFileReference; lastKnownFileType = text.plist.xml; path = "OnionProxyTests-Info.plist"; sourceTree = "<group>"; };
		341C445D18A621E4002018E1 /* en */ = {isa = PBXFileReference; lastKnownFileType = text.plist.strings; name = en; path = en.lproj/InfoPlist.strings; sourceTree = "<group>"; };
		341C445F18A621E4002018E1 /* OnionProxyTests.m */ = {isa = PBXFileReference; lastKnownFileType = sourcecode.c.objc; path = OnionProxyTests.m; sourceTree = "<group>"; };
		341C447318A6355D002018E1 /* OPConfig.plist */ = {isa = PBXFileReference; fileEncoding = 4; lastKnownFileType = text.plist.xml; path = OPConfig.plist; sourceTree = "<group>"; };
		34224B3818C24ABE00C75B92 /* OPConsensus.h */ = {isa = PBXFileReference; fileEncoding = 4; lastKnownFileType = sourcecode.c.h; path = OPConsensus.h; sourceTree = "<group>"; };
		34224B3918C24ABE00C75B92 /* OPConsensus.m */ = {isa = PBXFileReference; fileEncoding = 4; lastKnownFileType = sourcecode.c.objc; path = OPConsensus.m; sourceTree = "<group>"; };
		34224B3B18C3C04300C75B92 /* OPObject.h */ = {isa = PBXFileReference; fileEncoding = 4; lastKnownFileType = sourcecode.c.h; path = OPObject.h; sourceTree = "<group>"; };
		34224B3C18C3C04300C75B92 /* OPObject.m */ = {isa = PBXFileReference; fileEncoding = 4; lastKnownFileType = sourcecode.c.objc; path = OPObject.m; sourceTree = "<group>"; };
		3427594118FAF0DA005308D4 /* OPCertificate.h */ = {isa = PBXFileReference; fileEncoding = 4; lastKnownFileType = sourcecode.c.h; path = OPCertificate.h; sourceTree = "<group>"; };
		3427594218FAF0DA005308D4 /* OPCertificate.m */ = {isa = PBXFileReference; fileEncoding = 4; lastKnownFileType = sourcecode.c.objc; path = OPCertificate.m; sourceTree = "<group>"; };
		344B294A18DE18B900C463AA /* OPCircuit.h */ = {isa = PBXFileReference; fileEncoding = 4; lastKnownFileType = sourcecode.c.h; path = OPCircuit.h; sourceTree = "<group>"; };
		344B294B18DE18B900C463AA /* OPCircuit.m */ = {isa = PBXFileReference; fileEncoding = 4; lastKnownFileType = sourcecode.c.objc; path = OPCircuit.m; sourceTree = "<group>"; };
		3450744D18C921C600868069 /* OPConnection.h */ = {isa = PBXFileReference; fileEncoding = 4; lastKnownFileType = sourcecode.c.h; path = OPConnection.h; sourceTree = "<group>"; };
		3450744E18C921C600868069 /* OPConnection.m */ = {isa = PBXFileReference; fileEncoding = 4; lastKnownFileType = sourcecode.c.objc; path = OPConnection.m; sourceTree = "<group>"; };
		34511EB718E70AEB00CE02E5 /* OPDiffieHellman.h */ = {isa = PBXFileReference; fileEncoding = 4; lastKnownFileType = sourcecode.c.h; path = OPDiffieHellman.h; sourceTree = "<group>"; };
		34511EB818E70AEB00CE02E5 /* OPDiffieHellman.m */ = {isa = PBXFileReference; fileEncoding = 4; lastKnownFileType = sourcecode.c.objc; path = OPDiffieHellman.m; sourceTree = "<group>"; };
		34511EBB18EF285300CE02E5 /* OPCSP.h */ = {isa = PBXFileReference; fileEncoding = 4; lastKnownFileType = sourcecode.c.h; path = OPCSP.h; sourceTree = "<group>"; };
		34511EBC18EF285300CE02E5 /* OPCSP.m */ = {isa = PBXFileReference; fileEncoding = 4; lastKnownFileType = sourcecode.c.objc; path = OPCSP.m; sourceTree = "<group>"; };
		34A1F423192898EE00CF6EEF /* OPBase64.h */ = {isa = PBXFileReference; fileEncoding = 4; lastKnownFileType = sourcecode.c.h; path = OPBase64.h; sourceTree = "<group>"; };
		34A1F424192898EE00CF6EEF /* OPBase64.m */ = {isa = PBXFileReference; fileEncoding = 4; lastKnownFileType = sourcecode.c.objc; path = OPBase64.m; sourceTree = "<group>"; };
		34DF24D118E60B9B00B705D6 /* OnionProxy.entitlements */ = {isa = PBXFileReference; lastKnownFileType = text.xml; path = OnionProxy.entitlements; sourceTree = "<group>"; };
		34DF24D218E60C1700B705D6 /* libtommath.a */ = {isa = PBXFileReference; lastKnownFileType = archive.ar; name = libtommath.a; path = "libtommath-0.42.0/libtommath.a"; sourceTree = "<group>"; };
		34E1A6661954BE76004B1A4E /* icon_16x16.png */ = {isa = PBXFileReference; lastKnownFileType = image.png; path = icon_16x16.png; sourceTree = "<group>"; };
		34E1A6671954BE76004B1A4E /* icon_32x32.png */ = {isa = PBXFileReference; lastKnownFileType = image.png; path = icon_32x32.png; sourceTree = "<group>"; };
		34E1A6681954BE76004B1A4E /* icon_128x128.png */ = {isa = PBXFileReference; lastKnownFileType = image.png; path = icon_128x128.png; sourceTree = "<group>"; };
		34E1A6691954BE76004B1A4E /* icon_256x256.png */ = {isa = PBXFileReference; lastKnownFileType = image.png; path = icon_256x256.png; sourceTree = "<group>"; };
		34E1A66A1954BE76004B1A4E /* icon_512x512.png */ = {isa = PBXFileReference; lastKnownFileType = image.png; path = icon_512x512.png; sourceTree = "<group>"; };
		34E1A6701954BE8F004B1A4E /* icon.icns */ = {isa = PBXFileReference; lastKnownFileType = image.icns; path = icon.icns; sourceTree = "<group>"; };
		34E49E7618B9174B00759502 /* libssl.dylib */ = {isa = PBXFileReference; lastKnownFileType = "compiled.mach-o.dylib"; name = libssl.dylib; path = usr/lib/libssl.dylib; sourceTree = SDKROOT; };
		34E49E7818B9235200759502 /* OPRSAPublicKey.h */ = {isa = PBXFileReference; fileEncoding = 4; lastKnownFileType = sourcecode.c.h; path = OPRSAPublicKey.h; sourceTree = "<group>"; };
		34E49E7918B9235200759502 /* OPRSAPublicKey.m */ = {isa = PBXFileReference; fileEncoding = 4; lastKnownFileType = sourcecode.c.objc; path = OPRSAPublicKey.m; sourceTree = "<group>"; };
		34E49E7B18B933FD00759502 /* libssl.0.9.8.dylib */ = {isa = PBXFileReference; lastKnownFileType = "compiled.mach-o.dylib"; name = libssl.0.9.8.dylib; path = usr/lib/libssl.0.9.8.dylib; sourceTree = SDKROOT; };
		34E49E7D18B9347F00759502 /* libcrypto.dylib */ = {isa = PBXFileReference; lastKnownFileType = "compiled.mach-o.dylib"; name = libcrypto.dylib; path = usr/lib/libcrypto.dylib; sourceTree = SDKROOT; };
		34E49E7F18B9EB4500759502 /* libz.dylib */ = {isa = PBXFileReference; lastKnownFileType = "compiled.mach-o.dylib"; name = libz.dylib; path = usr/lib/libz.dylib; sourceTree = SDKROOT; };
		34E7E00D18CD96F800599860 /* OPJobDispatcher.h */ = {isa = PBXFileReference; fileEncoding = 4; lastKnownFileType = sourcecode.c.h; path = OPJobDispatcher.h; sourceTree = "<group>"; };
		34E7E00E18CD96F800599860 /* OPJobDispatcher.m */ = {isa = PBXFileReference; fileEncoding = 4; lastKnownFileType = sourcecode.c.objc; path = OPJobDispatcher.m; sourceTree = "<group>"; };
		34EE82EC18F332EF00992506 /* OPEllipticCurveDH.h */ = {isa = PBXFileReference; fileEncoding = 4; lastKnownFileType = sourcecode.c.h; path = OPEllipticCurveDH.h; sourceTree = "<group>"; };
		34EE82ED18F332EF00992506 /* OPEllipticCurveDH.m */ = {isa = PBXFileReference; fileEncoding = 4; lastKnownFileType = sourcecode.c.objc; path = OPEllipticCurveDH.m; sourceTree = "<group>"; };
		34FD48F618A7A9310027B524 /* OPTorNode.h */ = {isa = PBXFileReference; fileEncoding = 4; lastKnownFileType = sourcecode.c.h; path = OPTorNode.h; sourceTree = "<group>"; };
		34FD48F718A7A9310027B524 /* OPTorNode.m */ = {isa = PBXFileReference; fileEncoding = 4; lastKnownFileType = sourcecode.c.objc; path = OPTorNode.m; sourceTree = "<group>"; };
		34FD48F918A9447F0027B524 /* OPAuthority.h */ = {isa = PBXFileReference; fileEncoding = 4; lastKnownFileType = sourcecode.c.h; path = OPAuthority.h; sourceTree = "<group>"; };
		34FD48FA18A9447F0027B524 /* OPAuthority.m */ = {isa = PBXFileReference; fileEncoding = 4; lastKnownFileType = sourcecode.c.objc; path = OPAuthority.m; sourceTree = "<group>"; };
		34FE94B418E327FA0037CFCF /* OPSimmetricKey.h */ = {isa = PBXFileReference; fileEncoding = 4; lastKnownFileType = sourcecode.c.h; path = OPSimmetricKey.h; sourceTree = "<group>"; };
		34FE94B518E327FA0037CFCF /* OPSimmetricKey.m */ = {isa = PBXFileReference; fileEncoding = 4; lastKnownFileType = sourcecode.c.objc; path = OPSimmetricKey.m; sourceTree = "<group>"; };
/* End PBXFileReference section */

/* Begin PBXFrameworksBuildPhase section */
		341C442F18A621E4002018E1 /* Frameworks */ = {
			isa = PBXFrameworksBuildPhase;
			buildActionMask = 2147483647;
			files = (
				34032C5118AF8CDF001FF603 /* Security.framework in Frameworks */,
				34E49E8018B9EB4500759502 /* libz.dylib in Frameworks */,
				34E49E7E18B9347F00759502 /* libcrypto.dylib in Frameworks */,
				341C443618A621E4002018E1 /* Cocoa.framework in Frameworks */,
			);
			runOnlyForDeploymentPostprocessing = 0;
		};
		341C445018A621E4002018E1 /* Frameworks */ = {
			isa = PBXFrameworksBuildPhase;
			buildActionMask = 2147483647;
			files = (
				341C445618A621E4002018E1 /* Cocoa.framework in Frameworks */,
				341C445518A621E4002018E1 /* XCTest.framework in Frameworks */,
			);
			runOnlyForDeploymentPostprocessing = 0;
		};
/* End PBXFrameworksBuildPhase section */

/* Begin PBXGroup section */
		341C442918A621E4002018E1 = {
			isa = PBXGroup;
			children = (
				341C443B18A621E4002018E1 /* OnionProxy */,
				341C445918A621E4002018E1 /* OnionProxyTests */,
				341C443418A621E4002018E1 /* Frameworks */,
				341C443318A621E4002018E1 /* Products */,
			);
			sourceTree = "<group>";
		};
		341C443318A621E4002018E1 /* Products */ = {
			isa = PBXGroup;
			children = (
				341C443218A621E4002018E1 /* OnionProxy.app */,
				341C445318A621E4002018E1 /* OnionProxyTests.xctest */,
			);
			name = Products;
			sourceTree = "<group>";
		};
		341C443418A621E4002018E1 /* Frameworks */ = {
			isa = PBXGroup;
			children = (
				34DF24D218E60C1700B705D6 /* libtommath.a */,
				34E49E7F18B9EB4500759502 /* libz.dylib */,
				34E49E7D18B9347F00759502 /* libcrypto.dylib */,
				34E49E7B18B933FD00759502 /* libssl.0.9.8.dylib */,
				34E49E7618B9174B00759502 /* libssl.dylib */,
				34032C5018AF8CDF001FF603 /* Security.framework */,
				34032C4E18AF8CC4001FF603 /* SecurityFoundation.framework */,
				341C443518A621E4002018E1 /* Cocoa.framework */,
				341C445418A621E4002018E1 /* XCTest.framework */,
				341C443718A621E4002018E1 /* Other Frameworks */,
			);
			name = Frameworks;
			sourceTree = "<group>";
		};
		341C443718A621E4002018E1 /* Other Frameworks */ = {
			isa = PBXGroup;
			children = (
				341C443818A621E4002018E1 /* AppKit.framework */,
				341C443918A621E4002018E1 /* CoreData.framework */,
				341C443A18A621E4002018E1 /* Foundation.framework */,
			);
			name = "Other Frameworks";
			sourceTree = "<group>";
		};
		341C443B18A621E4002018E1 /* OnionProxy */ = {
			isa = PBXGroup;
			children = (
				34E1A6651954BE60004B1A4E /* Resources */,
				34224B3B18C3C04300C75B92 /* OPObject.h */,
				34224B3C18C3C04300C75B92 /* OPObject.m */,
				34032C5618B0C30C001FF603 /* OPConfig.h */,
				34032C5718B0C30C001FF603 /* OPConfig.m */,
				34E7E00D18CD96F800599860 /* OPJobDispatcher.h */,
				34E7E00E18CD96F800599860 /* OPJobDispatcher.m */,
				34EE82EB18F0691200992506 /* Crypto */,
				346651C318D8C58100C8F26B /* Directory */,
				341576111948B7D0002C4717 /* OPTorDirectoryProtocol.h */,
				341576121948B7D0002C4717 /* OPTorDirectoryProtocol.m */,
				3450744D18C921C600868069 /* OPConnection.h */,
				3450744E18C921C600868069 /* OPConnection.m */,
				344B294A18DE18B900C463AA /* OPCircuit.h */,
				344B294B18DE18B900C463AA /* OPCircuit.m */,
				340C694A194C858F00B267B4 /* OPTorNetwork.h */,
				340C694B194C858F00B267B4 /* OPTorNetwork.m */,
				341C444718A621E4002018E1 /* OPAppDelegate.h */,
				341C444818A621E4002018E1 /* OPAppDelegate.m */,
				341C447318A6355D002018E1 /* OPConfig.plist */,
				341C444A18A621E4002018E1 /* MainMenu.xib */,
				34DF24D118E60B9B00B705D6 /* OnionProxy.entitlements */,
				340FD7CE195C56D600CF06C9 /* Images.xcassets */,
				341C443C18A621E4002018E1 /* Supporting Files */,
			);
			path = OnionProxy;
			sourceTree = "<group>";
		};
		341C443C18A621E4002018E1 /* Supporting Files */ = {
			isa = PBXGroup;
			children = (
				341C443D18A621E4002018E1 /* OnionProxy-Info.plist */,
				341C443E18A621E4002018E1 /* InfoPlist.strings */,
				341C444118A621E4002018E1 /* main.m */,
				341C444318A621E4002018E1 /* OnionProxy-Prefix.pch */,
				341C444418A621E4002018E1 /* Credits.rtf */,
			);
			name = "Supporting Files";
			sourceTree = "<group>";
		};
		341C445918A621E4002018E1 /* OnionProxyTests */ = {
			isa = PBXGroup;
			children = (
				341C445F18A621E4002018E1 /* OnionProxyTests.m */,
				341C445A18A621E4002018E1 /* Supporting Files */,
			);
			path = OnionProxyTests;
			sourceTree = "<group>";
		};
		341C445A18A621E4002018E1 /* Supporting Files */ = {
			isa = PBXGroup;
			children = (
				341C445B18A621E4002018E1 /* OnionProxyTests-Info.plist */,
				341C445C18A621E4002018E1 /* InfoPlist.strings */,
			);
			name = "Supporting Files";
			sourceTree = "<group>";
		};
		346651C318D8C58100C8F26B /* Directory */ = {
			isa = PBXGroup;
			children = (
				340C6944194C299B00B267B4 /* OPTorDirectoryObject.h */,
				340C6945194C299B00B267B4 /* OPTorDirectoryObject.m */,
				34032C4B18AF7296001FF603 /* OPAuthorityServer.h */,
				34032C4C18AF7296001FF603 /* OPAuthorityServer.m */,
				34FD48F918A9447F0027B524 /* OPAuthority.h */,
				34FD48FA18A9447F0027B524 /* OPAuthority.m */,
				34FD48F618A7A9310027B524 /* OPTorNode.h */,
				34FD48F718A7A9310027B524 /* OPTorNode.m */,
				34224B3818C24ABE00C75B92 /* OPConsensus.h */,
				34224B3918C24ABE00C75B92 /* OPConsensus.m */,
				341509CF192D0C9D003B4CBE /* OPTorDirectoryViewController.h */,
				341509D0192D0C9D003B4CBE /* OPTorDirectoryViewController.m */,
				341509D1192D0C9D003B4CBE /* OPTorDirectory.xib */,
				341BE0F5190D3EB600725EDA /* OPTorDirectory.h */,
				341BE0F6190D3EB600725EDA /* OPTorDirectory.m */,
			);
			name = Directory;
			sourceTree = "<group>";
		};
		34E1A6651954BE60004B1A4E /* Resources */ = {
			isa = PBXGroup;
			children = (
				34E1A6701954BE8F004B1A4E /* icon.icns */,
				34E1A6661954BE76004B1A4E /* icon_16x16.png */,
				34E1A6671954BE76004B1A4E /* icon_32x32.png */,
				34E1A6681954BE76004B1A4E /* icon_128x128.png */,
				34E1A6691954BE76004B1A4E /* icon_256x256.png */,
				34E1A66A1954BE76004B1A4E /* icon_512x512.png */,
			);
			name = Resources;
			sourceTree = "<group>";
		};
		34EE82EB18F0691200992506 /* Crypto */ = {
			isa = PBXGroup;
			children = (
				34A1F423192898EE00CF6EEF /* OPBase64.h */,
				34A1F424192898EE00CF6EEF /* OPBase64.m */,
				341BE0EF1908572C00725EDA /* OPSHA1.h */,
				341BE0F01908572C00725EDA /* OPSHA1.m */,
				341BE0F219085B2400725EDA /* OPSHA256.h */,
				341BE0F319085B2400725EDA /* OPSHA256.m */,
				34E49E7818B9235200759502 /* OPRSAPublicKey.h */,
				34E49E7918B9235200759502 /* OPRSAPublicKey.m */,
				34FE94B418E327FA0037CFCF /* OPSimmetricKey.h */,
				34FE94B518E327FA0037CFCF /* OPSimmetricKey.m */,
				34511EBB18EF285300CE02E5 /* OPCSP.h */,
				34511EBC18EF285300CE02E5 /* OPCSP.m */,
				34511EB718E70AEB00CE02E5 /* OPDiffieHellman.h */,
				34511EB818E70AEB00CE02E5 /* OPDiffieHellman.m */,
				34EE82EC18F332EF00992506 /* OPEllipticCurveDH.h */,
				34EE82ED18F332EF00992506 /* OPEllipticCurveDH.m */,
				3427594118FAF0DA005308D4 /* OPCertificate.h */,
				3427594218FAF0DA005308D4 /* OPCertificate.m */,
			);
			name = Crypto;
			sourceTree = "<group>";
		};
/* End PBXGroup section */

/* Begin PBXNativeTarget section */
		341C443118A621E4002018E1 /* OnionProxy */ = {
			isa = PBXNativeTarget;
			buildConfigurationList = 341C446318A621E4002018E1 /* Build configuration list for PBXNativeTarget "OnionProxy" */;
			buildPhases = (
				341C442E18A621E4002018E1 /* Sources */,
				341C442F18A621E4002018E1 /* Frameworks */,
				341C443018A621E4002018E1 /* Resources */,
			);
			buildRules = (
			);
			dependencies = (
			);
			name = OnionProxy;
			productName = OnionProxy;
			productReference = 341C443218A621E4002018E1 /* OnionProxy.app */;
			productType = "com.apple.product-type.application";
		};
		341C445218A621E4002018E1 /* OnionProxyTests */ = {
			isa = PBXNativeTarget;
			buildConfigurationList = 341C446618A621E4002018E1 /* Build configuration list for PBXNativeTarget "OnionProxyTests" */;
			buildPhases = (
				341C444F18A621E4002018E1 /* Sources */,
				341C445018A621E4002018E1 /* Frameworks */,
				341C445118A621E4002018E1 /* Resources */,
			);
			buildRules = (
			);
			dependencies = (
				341C445818A621E4002018E1 /* PBXTargetDependency */,
				340FD7D1195C56EB00CF06C9 /* PBXTargetDependency */,
				340FD7D3195C56EB00CF06C9 /* PBXTargetDependency */,
			);
			name = OnionProxyTests;
			productName = OnionProxyTests;
			productReference = 341C445318A621E4002018E1 /* OnionProxyTests.xctest */;
			productType = "com.apple.product-type.bundle.unit-test";
		};
/* End PBXNativeTarget section */

/* Begin PBXProject section */
		341C442A18A621E4002018E1 /* Project object */ = {
			isa = PBXProject;
			attributes = {
				CLASSPREFIX = OP;
				LastUpgradeCheck = 0500;
				TargetAttributes = {
					341C443118A621E4002018E1 = {
						SystemCapabilities = {
							com.apple.Sandbox = {
								enabled = 0;
							};
						};
					};
					341C445218A621E4002018E1 = {
						TestTargetID = 341C443118A621E4002018E1;
					};
				};
			};
			buildConfigurationList = 341C442D18A621E4002018E1 /* Build configuration list for PBXProject "OnionProxy" */;
			compatibilityVersion = "Xcode 3.2";
			developmentRegion = English;
			hasScannedForEncodings = 0;
			knownRegions = (
				en,
				Base,
			);
			mainGroup = 341C442918A621E4002018E1;
			productRefGroup = 341C443318A621E4002018E1 /* Products */;
			projectDirPath = "";
			projectRoot = "";
			targets = (
				341C443118A621E4002018E1 /* OnionProxy */,
				341C445218A621E4002018E1 /* OnionProxyTests */,
			);
		};
/* End PBXProject section */

/* Begin PBXResourcesBuildPhase section */
		341C443018A621E4002018E1 /* Resources */ = {
			isa = PBXResourcesBuildPhase;
			buildActionMask = 2147483647;
			files = (
				34E1A66F1954BE76004B1A4E /* icon_512x512.png in Resources */,
				34C1159C1940E40100A7CD44 /* MainMenu.xib in Resources */,
				341C447418A6355D002018E1 /* OPConfig.plist in Resources */,
				34E1A66C1954BE76004B1A4E /* icon_32x32.png in Resources */,
				34E1A6711954BE8F004B1A4E /* icon.icns in Resources */,
				341C444018A621E4002018E1 /* InfoPlist.strings in Resources */,
				341509D3192D0C9D003B4CBE /* OPTorDirectory.xib in Resources */,
				341C444618A621E4002018E1 /* Credits.rtf in Resources */,
				34E1A66B1954BE76004B1A4E /* icon_16x16.png in Resources */,
				340FD7CF195C56D600CF06C9 /* Images.xcassets in Resources */,
				34E1A66D1954BE76004B1A4E /* icon_128x128.png in Resources */,
				34E1A66E1954BE76004B1A4E /* icon_256x256.png in Resources */,
			);
			runOnlyForDeploymentPostprocessing = 0;
		};
		341C445118A621E4002018E1 /* Resources */ = {
			isa = PBXResourcesBuildPhase;
			buildActionMask = 2147483647;
			files = (
				341C445E18A621E4002018E1 /* InfoPlist.strings in Resources */,
			);
			runOnlyForDeploymentPostprocessing = 0;
		};
/* End PBXResourcesBuildPhase section */

/* Begin PBXSourcesBuildPhase section */
		341C442E18A621E4002018E1 /* Sources */ = {
			isa = PBXSourcesBuildPhase;
			buildActionMask = 2147483647;
			files = (
				34EE82EE18F332EF00992506 /* OPEllipticCurveDH.m in Sources */,
				344B294C18DE18B900C463AA /* OPCircuit.m in Sources */,
				34FD48F818A7A9310027B524 /* OPTorNode.m in Sources */,
				340C6946194C299B00B267B4 /* OPTorDirectoryObject.m in Sources */,
				34A1F425192898EE00CF6EEF /* OPBase64.m in Sources */,
				341BE0F11908572C00725EDA /* OPSHA1.m in Sources */,
				341BE0F419085B2400725EDA /* OPSHA256.m in Sources */,
				341576131948B7D0002C4717 /* OPTorDirectoryProtocol.m in Sources */,
				34032C5818B0C30C001FF603 /* OPConfig.m in Sources */,
				34511EB918E70AEB00CE02E5 /* OPDiffieHellman.m in Sources */,
				341C444218A621E4002018E1 /* main.m in Sources */,
				3450744F18C921C600868069 /* OPConnection.m in Sources */,
				34E7E00F18CD96F800599860 /* OPJobDispatcher.m in Sources */,
				34032C4D18AF7296001FF603 /* OPAuthorityServer.m in Sources */,
				341509D2192D0C9D003B4CBE /* OPTorDirectoryViewController.m in Sources */,
				34FD48FB18A9447F0027B524 /* OPAuthority.m in Sources */,
				340C694C194C858F00B267B4 /* OPTorNetwork.m in Sources */,
				34FE94B618E327FA0037CFCF /* OPSimmetricKey.m in Sources */,
				34E49E7A18B9235200759502 /* OPRSAPublicKey.m in Sources */,
				3427594318FAF0DA005308D4 /* OPCertificate.m in Sources */,
				341BE0F7190D3EB600725EDA /* OPTorDirectory.m in Sources */,
				341C444918A621E4002018E1 /* OPAppDelegate.m in Sources */,
				34511EBD18EF285300CE02E5 /* OPCSP.m in Sources */,
				34224B3A18C24ABE00C75B92 /* OPConsensus.m in Sources */,
				34224B3D18C3C04300C75B92 /* OPObject.m in Sources */,
			);
			runOnlyForDeploymentPostprocessing = 0;
		};
		341C444F18A621E4002018E1 /* Sources */ = {
			isa = PBXSourcesBuildPhase;
			buildActionMask = 2147483647;
			files = (
				341C446018A621E4002018E1 /* OnionProxyTests.m in Sources */,
			);
			runOnlyForDeploymentPostprocessing = 0;
		};
/* End PBXSourcesBuildPhase section */

/* Begin PBXTargetDependency section */
		340FD7D1195C56EB00CF06C9 /* PBXTargetDependency */ = {
			isa = PBXTargetDependency;
			target = 341C443118A621E4002018E1 /* OnionProxy */;
			targetProxy = 340FD7D0195C56EB00CF06C9 /* PBXContainerItemProxy */;
		};
		340FD7D3195C56EB00CF06C9 /* PBXTargetDependency */ = {
			isa = PBXTargetDependency;
			target = 341C443118A621E4002018E1 /* OnionProxy */;
			targetProxy = 340FD7D2195C56EB00CF06C9 /* PBXContainerItemProxy */;
		};
		341C445818A621E4002018E1 /* PBXTargetDependency */ = {
			isa = PBXTargetDependency;
			target = 341C443118A621E4002018E1 /* OnionProxy */;
			targetProxy = 341C445718A621E4002018E1 /* PBXContainerItemProxy */;
		};
/* End PBXTargetDependency section */

/* Begin PBXVariantGroup section */
		341C443E18A621E4002018E1 /* InfoPlist.strings */ = {
			isa = PBXVariantGroup;
			children = (
				341C443F18A621E4002018E1 /* en */,
			);
			name = InfoPlist.strings;
			sourceTree = "<group>";
		};
		341C444418A621E4002018E1 /* Credits.rtf */ = {
			isa = PBXVariantGroup;
			children = (
				341C444518A621E4002018E1 /* en */,
			);
			name = Credits.rtf;
			sourceTree = "<group>";
		};
		341C444A18A621E4002018E1 /* MainMenu.xib */ = {
			isa = PBXVariantGroup;
			children = (
				341C444B18A621E4002018E1 /* Base */,
			);
			name = MainMenu.xib;
			sourceTree = "<group>";
		};
		341C445C18A621E4002018E1 /* InfoPlist.strings */ = {
			isa = PBXVariantGroup;
			children = (
				341C445D18A621E4002018E1 /* en */,
			);
			name = InfoPlist.strings;
			sourceTree = "<group>";
		};
/* End PBXVariantGroup section */

/* Begin XCBuildConfiguration section */
		341C446118A621E4002018E1 /* Debug */ = {
			isa = XCBuildConfiguration;
			buildSettings = {
				ALWAYS_SEARCH_USER_PATHS = NO;
				CLANG_CXX_LANGUAGE_STANDARD = "gnu++0x";
				CLANG_CXX_LIBRARY = "libc++";
				CLANG_ENABLE_OBJC_ARC = YES;
				CLANG_WARN_BOOL_CONVERSION = YES;
				CLANG_WARN_CONSTANT_CONVERSION = YES;
				CLANG_WARN_DIRECT_OBJC_ISA_USAGE = YES_ERROR;
				CLANG_WARN_EMPTY_BODY = YES;
				CLANG_WARN_ENUM_CONVERSION = YES;
				CLANG_WARN_INT_CONVERSION = YES;
				CLANG_WARN_OBJC_ROOT_CLASS = YES_ERROR;
				CLANG_WARN__DUPLICATE_METHOD_MATCH = YES;
				COPY_PHASE_STRIP = NO;
				GCC_C_LANGUAGE_STANDARD = gnu99;
				GCC_DYNAMIC_NO_PIC = NO;
				GCC_ENABLE_OBJC_EXCEPTIONS = YES;
				GCC_OPTIMIZATION_LEVEL = 0;
				GCC_PREPROCESSOR_DEFINITIONS = (
					"DEBUG=1",
					"$(inherited)",
				);
				GCC_SYMBOLS_PRIVATE_EXTERN = NO;
				GCC_WARN_64_TO_32_BIT_CONVERSION = YES;
				GCC_WARN_ABOUT_RETURN_TYPE = YES_ERROR;
				GCC_WARN_UNDECLARED_SELECTOR = YES;
				GCC_WARN_UNINITIALIZED_AUTOS = YES;
				GCC_WARN_UNUSED_FUNCTION = YES;
				GCC_WARN_UNUSED_VARIABLE = YES;
				MACOSX_DEPLOYMENT_TARGET = 10.9;
				ONLY_ACTIVE_ARCH = YES;
				SDKROOT = macosx;
			};
			name = Debug;
		};
		341C446218A621E4002018E1 /* Release */ = {
			isa = XCBuildConfiguration;
			buildSettings = {
				ALWAYS_SEARCH_USER_PATHS = NO;
				CLANG_CXX_LANGUAGE_STANDARD = "gnu++0x";
				CLANG_CXX_LIBRARY = "libc++";
				CLANG_ENABLE_OBJC_ARC = YES;
				CLANG_WARN_BOOL_CONVERSION = YES;
				CLANG_WARN_CONSTANT_CONVERSION = YES;
				CLANG_WARN_DIRECT_OBJC_ISA_USAGE = YES_ERROR;
				CLANG_WARN_EMPTY_BODY = YES;
				CLANG_WARN_ENUM_CONVERSION = YES;
				CLANG_WARN_INT_CONVERSION = YES;
				CLANG_WARN_OBJC_ROOT_CLASS = YES_ERROR;
				CLANG_WARN__DUPLICATE_METHOD_MATCH = YES;
				COPY_PHASE_STRIP = YES;
				DEBUG_INFORMATION_FORMAT = "dwarf-with-dsym";
				ENABLE_NS_ASSERTIONS = NO;
				GCC_C_LANGUAGE_STANDARD = gnu99;
				GCC_ENABLE_OBJC_EXCEPTIONS = YES;
				GCC_WARN_64_TO_32_BIT_CONVERSION = YES;
				GCC_WARN_ABOUT_RETURN_TYPE = YES_ERROR;
				GCC_WARN_UNDECLARED_SELECTOR = YES;
				GCC_WARN_UNINITIALIZED_AUTOS = YES;
				GCC_WARN_UNUSED_FUNCTION = YES;
				GCC_WARN_UNUSED_VARIABLE = YES;
				MACOSX_DEPLOYMENT_TARGET = 10.9;
				SDKROOT = macosx;
			};
			name = Release;
		};
		341C446418A621E4002018E1 /* Debug */ = {
			isa = XCBuildConfiguration;
			buildSettings = {
				CLANG_ENABLE_OBJC_ARC = NO;
				CODE_SIGN_IDENTITY = "-";
				COMBINE_HIDPI_IMAGES = YES;
				GCC_PRECOMPILE_PREFIX_HEADER = YES;
				GCC_PREFIX_HEADER = "OnionProxy/OnionProxy-Prefix.pch";
				INFOPLIST_FILE = "OnionProxy/OnionProxy-Info.plist";
				LIBRARY_SEARCH_PATHS = "$(inherited)";
				PRODUCT_NAME = "$(TARGET_NAME)";
				USER_HEADER_SEARCH_PATHS = "";
				WRAPPER_EXTENSION = app;
			};
			name = Debug;
		};
		341C446518A621E4002018E1 /* Release */ = {
			isa = XCBuildConfiguration;
			buildSettings = {
				CLANG_ENABLE_OBJC_ARC = NO;
				CODE_SIGN_IDENTITY = "-";
				COMBINE_HIDPI_IMAGES = YES;
				GCC_PRECOMPILE_PREFIX_HEADER = YES;
				GCC_PREFIX_HEADER = "OnionProxy/OnionProxy-Prefix.pch";
				INFOPLIST_FILE = "OnionProxy/OnionProxy-Info.plist";
				LIBRARY_SEARCH_PATHS = "$(inherited)";
				PRODUCT_NAME = "$(TARGET_NAME)";
				USER_HEADER_SEARCH_PATHS = "";
				WRAPPER_EXTENSION = app;
			};
			name = Release;
		};
		341C446718A621E4002018E1 /* Debug */ = {
			isa = XCBuildConfiguration;
			buildSettings = {
				BUNDLE_LOADER = "$(BUILT_PRODUCTS_DIR)/OnionProxy.app/Contents/MacOS/OnionProxy";
				COMBINE_HIDPI_IMAGES = YES;
				FRAMEWORK_SEARCH_PATHS = (
					"$(DEVELOPER_FRAMEWORKS_DIR)",
					"$(inherited)",
				);
				GCC_PRECOMPILE_PREFIX_HEADER = YES;
				GCC_PREFIX_HEADER = "OnionProxy/OnionProxy-Prefix.pch";
				GCC_PREPROCESSOR_DEFINITIONS = (
					"DEBUG=1",
					"$(inherited)",
				);
				INFOPLIST_FILE = "OnionProxyTests/OnionProxyTests-Info.plist";
				PRODUCT_NAME = "$(TARGET_NAME)";
				TEST_HOST = "$(BUNDLE_LOADER)";
				WRAPPER_EXTENSION = xctest;
			};
			name = Debug;
		};
		341C446818A621E4002018E1 /* Release */ = {
			isa = XCBuildConfiguration;
			buildSettings = {
				BUNDLE_LOADER = "$(BUILT_PRODUCTS_DIR)/OnionProxy.app/Contents/MacOS/OnionProxy";
				COMBINE_HIDPI_IMAGES = YES;
				FRAMEWORK_SEARCH_PATHS = (
					"$(DEVELOPER_FRAMEWORKS_DIR)",
					"$(inherited)",
				);
				GCC_PRECOMPILE_PREFIX_HEADER = YES;
				GCC_PREFIX_HEADER = "OnionProxy/OnionProxy-Prefix.pch";
				INFOPLIST_FILE = "OnionProxyTests/OnionProxyTests-Info.plist";
				PRODUCT_NAME = "$(TARGET_NAME)";
				TEST_HOST = "$(BUNDLE_LOADER)";
				WRAPPER_EXTENSION = xctest;
			};
			name = Release;
		};
/* End XCBuildConfiguration section */

/* Begin XCConfigurationList section */
		341C442D18A621E4002018E1 /* Build configuration list for PBXProject "OnionProxy" */ = {
			isa = XCConfigurationList;
			buildConfigurations = (
				341C446118A621E4002018E1 /* Debug */,
				341C446218A621E4002018E1 /* Release */,
			);
			defaultConfigurationIsVisible = 0;
			defaultConfigurationName = Release;
		};
		341C446318A621E4002018E1 /* Build configuration list for PBXNativeTarget "OnionProxy" */ = {
			isa = XCConfigurationList;
			buildConfigurations = (
				341C446418A621E4002018E1 /* Debug */,
				341C446518A621E4002018E1 /* Release */,
			);
			defaultConfigurationIsVisible = 0;
			defaultConfigurationName = Release;
		};
		341C446618A621E4002018E1 /* Build configuration list for PBXNativeTarget "OnionProxyTests" */ = {
			isa = XCConfigurationList;
			buildConfigurations = (
				341C446718A621E4002018E1 /* Debug */,
				341C446818A621E4002018E1 /* Release */,
			);
			defaultConfigurationIsVisible = 0;
			defaultConfigurationName = Release;
		};
/* End XCConfigurationList section */
	};
	rootObject = 341C442A18A621E4002018E1 /* Project object */;
}
